{
  "version": 4,
  "terraform_version": "1.11.2",
  "serial": 82,
  "lineage": "8638f03e-611a-4051-f5b5-675360695e39",
  "outputs": {
    "load_balancer_ip": {
      "value": "51.11.218.88",
      "type": "string"
    },
    "resource_group_location": {
      "value": "francecentral",
      "type": "string"
    },
    "resource_group_name": {
      "value": "rg-web-app-prod",
      "type": "string"
    },
    "sql_server_fqdn": {
      "value": "sqlserver-web-app.database.windows.net",
      "type": "string"
    },
    "sql_server_id": {
      "value": "/subscriptions/7d79dbbf-b159-4664-a764-f306963c5ed9/resourceGroups/rg-web-app-prod/providers/Microsoft.Sql/servers/sqlserver-web-app",
      "type": "string"
    },
    "subnet_id": {
      "value": "/subscriptions/7d79dbbf-b159-4664-a764-f306963c5ed9/resourceGroups/rg-web-app-prod/providers/Microsoft.Network/virtualNetworks/vnet-web-app/subnets/subnet-web-app",
      "type": "string"
    },
    "vmss_id": {
      "value": "/subscriptions/7d79dbbf-b159-4664-a764-f306963c5ed9/resourceGroups/rg-web-app-prod/providers/Microsoft.Compute/virtualMachineScaleSets/vmss-web-app",
      "type": "string"
    },
    "vmss_name": {
      "value": "vmss-web-app",
      "type": "string"
    },
    "vnet_id": {
      "value": "/subscriptions/7d79dbbf-b159-4664-a764-f306963c5ed9/resourceGroups/rg-web-app-prod/providers/Microsoft.Network/virtualNetworks/vnet-web-app",
      "type": "string"
    }
  },
  "resources": [
    {
      "mode": "managed",
      "type": "azurerm_resource_group",
      "name": "rg",
      "provider": "provider[\"registry.terraform.io/hashicorp/azurerm\"]",
      "instances": [
        {
          "schema_version": 0,
          "attributes": {
            "id": "/subscriptions/7d79dbbf-b159-4664-a764-f306963c5ed9/resourceGroups/rg-web-app-prod",
            "location": "francecentral",
            "managed_by": "",
            "name": "rg-web-app-prod",
            "tags": {
              "Environment": "Production",
              "Owner": "DevOps Team",
              "Project": "WebApp"
            },
            "timeouts": null
          },
          "sensitive_attributes": [],
          "private": "eyJlMmJmYjczMC1lY2FhLTExZTYtOGY4OC0zNDM2M2JjN2M0YzAiOnsiY3JlYXRlIjo1NDAwMDAwMDAwMDAwLCJkZWxldGUiOjU0MDAwMDAwMDAwMDAsInJlYWQiOjMwMDAwMDAwMDAwMCwidXBkYXRlIjo1NDAwMDAwMDAwMDAwfX0="
        }
      ]
    },
    {
      "module": "module.loadbalancer",
      "mode": "managed",
      "type": "azurerm_lb",
      "name": "lb",
      "provider": "provider[\"registry.terraform.io/hashicorp/azurerm\"]",
      "instances": [
        {
          "schema_version": 0,
          "attributes": {
            "edge_zone": "",
            "frontend_ip_configuration": [
              {
                "gateway_load_balancer_frontend_ip_configuration_id": "",
                "id": "/subscriptions/7d79dbbf-b159-4664-a764-f306963c5ed9/resourceGroups/rg-web-app-prod/providers/Microsoft.Network/loadBalancers/lb-web-app/frontendIPConfigurations/frontend-web-app",
                "inbound_nat_rules": [],
                "load_balancer_rules": [],
                "name": "frontend-web-app",
                "outbound_rules": [],
                "private_ip_address": "",
                "private_ip_address_allocation": "Dynamic",
                "private_ip_address_version": "",
                "public_ip_address_id": "/subscriptions/7d79dbbf-b159-4664-a764-f306963c5ed9/resourceGroups/rg-web-app-prod/providers/Microsoft.Network/publicIPAddresses/pip-web-app",
                "public_ip_prefix_id": "",
                "subnet_id": "",
                "zones": null
              }
            ],
            "id": "/subscriptions/7d79dbbf-b159-4664-a764-f306963c5ed9/resourceGroups/rg-web-app-prod/providers/Microsoft.Network/loadBalancers/lb-web-app",
            "location": "francecentral",
            "name": "lb-web-app",
            "private_ip_address": "",
            "private_ip_addresses": [],
            "resource_group_name": "rg-web-app-prod",
            "sku": "Standard",
            "sku_tier": "Regional",
            "tags": {
              "Environment": "Production",
              "Owner": "DevOps Team",
              "Project": "WebApp"
            },
            "timeouts": null
          },
          "sensitive_attributes": [],
          "private": "eyJlMmJmYjczMC1lY2FhLTExZTYtOGY4OC0zNDM2M2JjN2M0YzAiOnsiY3JlYXRlIjoxODAwMDAwMDAwMDAwLCJkZWxldGUiOjE4MDAwMDAwMDAwMDAsInJlYWQiOjMwMDAwMDAwMDAwMCwidXBkYXRlIjoxODAwMDAwMDAwMDAwfX0=",
          "dependencies": [
            "azurerm_resource_group.rg",
            "module.loadbalancer.azurerm_public_ip.pip"
          ]
        }
      ]
    },
    {
      "module": "module.loadbalancer",
      "mode": "managed",
      "type": "azurerm_lb_backend_address_pool",
      "name": "backend_pool",
      "provider": "provider[\"registry.terraform.io/hashicorp/azurerm\"]",
      "instances": [
        {
          "schema_version": 0,
          "attributes": {
            "backend_ip_configurations": [],
            "id": "/subscriptions/7d79dbbf-b159-4664-a764-f306963c5ed9/resourceGroups/rg-web-app-prod/providers/Microsoft.Network/loadBalancers/lb-web-app/backendAddressPools/backend-pool-web-app",
            "inbound_nat_rules": [],
            "load_balancing_rules": [],
            "loadbalancer_id": "/subscriptions/7d79dbbf-b159-4664-a764-f306963c5ed9/resourceGroups/rg-web-app-prod/providers/Microsoft.Network/loadBalancers/lb-web-app",
            "name": "backend-pool-web-app",
            "outbound_rules": [],
            "synchronous_mode": "",
            "timeouts": null,
            "tunnel_interface": [],
            "virtual_network_id": ""
          },
          "sensitive_attributes": [],
          "private": "eyJlMmJmYjczMC1lY2FhLTExZTYtOGY4OC0zNDM2M2JjN2M0YzAiOnsiY3JlYXRlIjoxODAwMDAwMDAwMDAwLCJkZWxldGUiOjE4MDAwMDAwMDAwMDAsInJlYWQiOjMwMDAwMDAwMDAwMCwidXBkYXRlIjoxODAwMDAwMDAwMDAwfX0=",
          "dependencies": [
            "azurerm_resource_group.rg",
            "module.loadbalancer.azurerm_lb.lb",
            "module.loadbalancer.azurerm_public_ip.pip"
          ]
        }
      ]
    },
    {
      "module": "module.loadbalancer",
      "mode": "managed",
      "type": "azurerm_lb_probe",
      "name": "health_probe",
      "provider": "provider[\"registry.terraform.io/hashicorp/azurerm\"]",
      "instances": [
        {
          "schema_version": 0,
          "attributes": {
            "id": "/subscriptions/7d79dbbf-b159-4664-a764-f306963c5ed9/resourceGroups/rg-web-app-prod/providers/Microsoft.Network/loadBalancers/lb-web-app/probes/http-probe",
            "interval_in_seconds": 15,
            "load_balancer_rules": [],
            "loadbalancer_id": "/subscriptions/7d79dbbf-b159-4664-a764-f306963c5ed9/resourceGroups/rg-web-app-prod/providers/Microsoft.Network/loadBalancers/lb-web-app",
            "name": "http-probe",
            "number_of_probes": 2,
            "port": 80,
            "probe_threshold": 1,
            "protocol": "Http",
            "request_path": "/",
            "timeouts": null
          },
          "sensitive_attributes": [],
          "private": "eyJlMmJmYjczMC1lY2FhLTExZTYtOGY4OC0zNDM2M2JjN2M0YzAiOnsiY3JlYXRlIjoxODAwMDAwMDAwMDAwLCJkZWxldGUiOjE4MDAwMDAwMDAwMDAsInJlYWQiOjMwMDAwMDAwMDAwMCwidXBkYXRlIjoxODAwMDAwMDAwMDAwfX0=",
          "dependencies": [
            "azurerm_resource_group.rg",
            "module.loadbalancer.azurerm_lb.lb",
            "module.loadbalancer.azurerm_public_ip.pip"
          ]
        }
      ]
    },
    {
      "module": "module.loadbalancer",
      "mode": "managed",
      "type": "azurerm_lb_rule",
      "name": "lb_rule",
      "provider": "provider[\"registry.terraform.io/hashicorp/azurerm\"]",
      "instances": [
        {
          "schema_version": 0,
          "attributes": {
            "backend_address_pool_ids": [
              "/subscriptions/7d79dbbf-b159-4664-a764-f306963c5ed9/resourceGroups/rg-web-app-prod/providers/Microsoft.Network/loadBalancers/lb-web-app/backendAddressPools/backend-pool-web-app"
            ],
            "backend_port": 80,
            "disable_outbound_snat": false,
            "enable_floating_ip": false,
            "enable_tcp_reset": false,
            "frontend_ip_configuration_id": "/subscriptions/7d79dbbf-b159-4664-a764-f306963c5ed9/resourceGroups/rg-web-app-prod/providers/Microsoft.Network/loadBalancers/lb-web-app/frontendIPConfigurations/frontend-web-app",
            "frontend_ip_configuration_name": "frontend-web-app",
            "frontend_port": 80,
            "id": "/subscriptions/7d79dbbf-b159-4664-a764-f306963c5ed9/resourceGroups/rg-web-app-prod/providers/Microsoft.Network/loadBalancers/lb-web-app/loadBalancingRules/http-rule",
            "idle_timeout_in_minutes": 4,
            "load_distribution": "Default",
            "loadbalancer_id": "/subscriptions/7d79dbbf-b159-4664-a764-f306963c5ed9/resourceGroups/rg-web-app-prod/providers/Microsoft.Network/loadBalancers/lb-web-app",
            "name": "http-rule",
            "probe_id": "/subscriptions/7d79dbbf-b159-4664-a764-f306963c5ed9/resourceGroups/rg-web-app-prod/providers/Microsoft.Network/loadBalancers/lb-web-app/probes/http-probe",
            "protocol": "Tcp",
            "timeouts": null
          },
          "sensitive_attributes": [],
          "private": "eyJlMmJmYjczMC1lY2FhLTExZTYtOGY4OC0zNDM2M2JjN2M0YzAiOnsiY3JlYXRlIjoxODAwMDAwMDAwMDAwLCJkZWxldGUiOjE4MDAwMDAwMDAwMDAsInJlYWQiOjMwMDAwMDAwMDAwMCwidXBkYXRlIjoxODAwMDAwMDAwMDAwfX0=",
          "dependencies": [
            "azurerm_resource_group.rg",
            "module.loadbalancer.azurerm_lb.lb",
            "module.loadbalancer.azurerm_lb_backend_address_pool.backend_pool",
            "module.loadbalancer.azurerm_lb_probe.health_probe",
            "module.loadbalancer.azurerm_public_ip.pip"
          ]
        }
      ]
    },
    {
      "module": "module.loadbalancer",
      "mode": "managed",
      "type": "azurerm_public_ip",
      "name": "pip",
      "provider": "provider[\"registry.terraform.io/hashicorp/azurerm\"]",
      "instances": [
        {
          "schema_version": 0,
          "attributes": {
            "allocation_method": "Static",
            "ddos_protection_mode": "VirtualNetworkInherited",
            "ddos_protection_plan_id": null,
            "domain_name_label": null,
            "edge_zone": "",
            "fqdn": null,
            "id": "/subscriptions/7d79dbbf-b159-4664-a764-f306963c5ed9/resourceGroups/rg-web-app-prod/providers/Microsoft.Network/publicIPAddresses/pip-web-app",
            "idle_timeout_in_minutes": 4,
            "ip_address": "51.11.218.88",
            "ip_tags": null,
            "ip_version": "IPv4",
            "location": "francecentral",
            "name": "pip-web-app",
            "public_ip_prefix_id": null,
            "resource_group_name": "rg-web-app-prod",
            "reverse_fqdn": null,
            "sku": "Standard",
            "sku_tier": "Regional",
            "tags": {
              "Environment": "Production",
              "Owner": "DevOps Team",
              "Project": "WebApp"
            },
            "timeouts": null,
            "zones": null
          },
          "sensitive_attributes": [],
          "private": "eyJlMmJmYjczMC1lY2FhLTExZTYtOGY4OC0zNDM2M2JjN2M0YzAiOnsiY3JlYXRlIjoxODAwMDAwMDAwMDAwLCJkZWxldGUiOjE4MDAwMDAwMDAwMDAsInJlYWQiOjMwMDAwMDAwMDAwMCwidXBkYXRlIjoxODAwMDAwMDAwMDAwfX0=",
          "dependencies": [
            "azurerm_resource_group.rg"
          ]
        }
      ]
    },
    {
      "module": "module.mssql",
      "mode": "managed",
      "type": "azurerm_mssql_database",
      "name": "sqldb",
      "provider": "provider[\"registry.terraform.io/hashicorp/azurerm\"]",
      "instances": [
        {
          "schema_version": 1,
          "attributes": {
            "auto_pause_delay_in_minutes": 0,
            "collation": "SQL_Latin1_General_CP1_CI_AS",
            "create_mode": "Default",
            "creation_source_database_id": null,
            "elastic_pool_id": "",
            "enclave_type": "",
            "geo_backup_enabled": true,
            "id": "/subscriptions/7d79dbbf-b159-4664-a764-f306963c5ed9/resourceGroups/rg-web-app-prod/providers/Microsoft.Sql/servers/sqlserver-web-app/databases/bdd-main",
            "identity": [],
            "import": [],
            "ledger_enabled": false,
            "license_type": "",
            "long_term_retention_policy": [
              {
                "immutable_backups_enabled": false,
                "monthly_retention": "PT0S",
                "week_of_year": 1,
                "weekly_retention": "PT0S",
                "yearly_retention": "PT0S"
              }
            ],
            "maintenance_configuration_name": "SQL_Default",
            "max_size_gb": 5,
            "min_capacity": 0,
            "name": "bdd-main",
            "read_replica_count": 0,
            "read_scale": false,
            "recover_database_id": null,
            "recovery_point_id": null,
            "restore_dropped_database_id": null,
            "restore_long_term_retention_backup_id": null,
            "restore_point_in_time": null,
            "sample_name": null,
            "secondary_type": "",
            "server_id": "/subscriptions/7d79dbbf-b159-4664-a764-f306963c5ed9/resourceGroups/rg-web-app-prod/providers/Microsoft.Sql/servers/sqlserver-web-app",
            "short_term_retention_policy": [
              {
                "backup_interval_in_hours": 24,
                "retention_days": 7
              }
            ],
            "sku_name": "S0",
            "storage_account_type": "Geo",
            "tags": {
              "Environment": "Production",
              "Owner": "DevOps Team",
              "Project": "WebApp"
            },
            "threat_detection_policy": [
              {
                "disabled_alerts": [],
                "email_account_admins": "Disabled",
                "email_addresses": [],
                "retention_days": 0,
                "state": "Disabled",
                "storage_account_access_key": "",
                "storage_endpoint": ""
              }
            ],
            "timeouts": null,
            "transparent_data_encryption_enabled": true,
            "transparent_data_encryption_key_automatic_rotation_enabled": false,
            "transparent_data_encryption_key_vault_key_id": "",
            "zone_redundant": false
          },
          "sensitive_attributes": [
            [
              {
                "type": "get_attr",
                "value": "threat_detection_policy"
              },
              {
                "type": "index",
                "value": {
                  "value": 0,
                  "type": "number"
                }
              },
              {
                "type": "get_attr",
                "value": "storage_account_access_key"
              }
            ]
          ],
          "private": "eyJlMmJmYjczMC1lY2FhLTExZTYtOGY4OC0zNDM2M2JjN2M0YzAiOnsiY3JlYXRlIjozNjAwMDAwMDAwMDAwLCJkZWxldGUiOjM2MDAwMDAwMDAwMDAsInJlYWQiOjMwMDAwMDAwMDAwMCwidXBkYXRlIjozNjAwMDAwMDAwMDAwfSwic2NoZW1hX3ZlcnNpb24iOiIxIn0=",
          "dependencies": [
            "azurerm_resource_group.rg",
            "module.mssql.azurerm_mssql_server.this"
          ]
        }
      ]
    },
    {
      "module": "module.mssql",
      "mode": "managed",
      "type": "azurerm_mssql_server",
      "name": "this",
      "provider": "provider[\"registry.terraform.io/hashicorp/azurerm\"]",
      "instances": [
        {
          "schema_version": 0,
          "attributes": {
            "administrator_login": "sqladminuser",
            "administrator_login_password": "ChangeMe123!",
            "azuread_administrator": [],
            "connection_policy": "Default",
            "fully_qualified_domain_name": "sqlserver-web-app.database.windows.net",
            "id": "/subscriptions/7d79dbbf-b159-4664-a764-f306963c5ed9/resourceGroups/rg-web-app-prod/providers/Microsoft.Sql/servers/sqlserver-web-app",
            "identity": [],
            "location": "francecentral",
            "minimum_tls_version": "1.2",
            "name": "sqlserver-web-app",
            "outbound_network_restriction_enabled": false,
            "primary_user_assigned_identity_id": "",
            "public_network_access_enabled": true,
            "resource_group_name": "rg-web-app-prod",
            "restorable_dropped_database_ids": [],
            "tags": {
              "Environment": "Production",
              "Owner": "DevOps Team",
              "Project": "WebApp"
            },
            "timeouts": null,
            "transparent_data_encryption_key_vault_key_id": "",
            "version": "12.0"
          },
          "sensitive_attributes": [
            [
              {
                "type": "get_attr",
                "value": "administrator_login_password"
              }
            ]
          ],
          "private": "eyJlMmJmYjczMC1lY2FhLTExZTYtOGY4OC0zNDM2M2JjN2M0YzAiOnsiY3JlYXRlIjozNjAwMDAwMDAwMDAwLCJkZWxldGUiOjM2MDAwMDAwMDAwMDAsInJlYWQiOjMwMDAwMDAwMDAwMCwidXBkYXRlIjozNjAwMDAwMDAwMDAwfX0=",
          "dependencies": [
            "azurerm_resource_group.rg"
          ]
        }
      ]
    },
    {
      "module": "module.mssql",
      "mode": "managed",
      "type": "azurerm_mssql_virtual_network_rule",
      "name": "allow_vnet",
      "provider": "provider[\"registry.terraform.io/hashicorp/azurerm\"]",
      "instances": [
        {
          "schema_version": 0,
          "attributes": {
            "id": "/subscriptions/7d79dbbf-b159-4664-a764-f306963c5ed9/resourceGroups/rg-web-app-prod/providers/Microsoft.Sql/servers/sqlserver-web-app/virtualNetworkRules/sqlserver-web-app-vnet-rule",
            "ignore_missing_vnet_service_endpoint": true,
            "name": "sqlserver-web-app-vnet-rule",
            "server_id": "/subscriptions/7d79dbbf-b159-4664-a764-f306963c5ed9/resourceGroups/rg-web-app-prod/providers/Microsoft.Sql/servers/sqlserver-web-app",
            "subnet_id": "/subscriptions/7d79dbbf-b159-4664-a764-f306963c5ed9/resourceGroups/rg-web-app-prod/providers/Microsoft.Network/virtualNetworks/vnet-web-app/subnets/subnet-web-app",
            "timeouts": null
          },
          "sensitive_attributes": [],
          "private": "eyJlMmJmYjczMC1lY2FhLTExZTYtOGY4OC0zNDM2M2JjN2M0YzAiOnsiY3JlYXRlIjoxODAwMDAwMDAwMDAwLCJkZWxldGUiOjE4MDAwMDAwMDAwMDAsInJlYWQiOjMwMDAwMDAwMDAwMCwidXBkYXRlIjoxODAwMDAwMDAwMDAwfX0=",
          "dependencies": [
            "azurerm_resource_group.rg",
            "module.mssql.azurerm_mssql_server.this",
            "module.network.azurerm_subnet.subnet",
            "module.network.azurerm_virtual_network.vnet"
          ]
        }
      ]
    },
    {
      "module": "module.network",
      "mode": "managed",
      "type": "azurerm_network_security_group",
      "name": "nsg",
      "provider": "provider[\"registry.terraform.io/hashicorp/azurerm\"]",
      "instances": [
        {
          "schema_version": 0,
          "attributes": {
            "id": "/subscriptions/7d79dbbf-b159-4664-a764-f306963c5ed9/resourceGroups/rg-web-app-prod/providers/Microsoft.Network/networkSecurityGroups/nsg-web-app",
            "location": "francecentral",
            "name": "nsg-web-app",
            "resource_group_name": "rg-web-app-prod",
            "security_rule": [
              {
                "access": "Allow",
                "description": "",
                "destination_address_prefix": "*",
                "destination_address_prefixes": [],
                "destination_application_security_group_ids": [],
                "destination_port_range": "22",
                "destination_port_ranges": [],
                "direction": "Inbound",
                "name": "AllowSSH",
                "priority": 1001,
                "protocol": "Tcp",
                "source_address_prefix": "*",
                "source_address_prefixes": [],
                "source_application_security_group_ids": [],
                "source_port_range": "*",
                "source_port_ranges": []
              },
              {
                "access": "Allow",
                "description": "",
                "destination_address_prefix": "*",
                "destination_address_prefixes": [],
                "destination_application_security_group_ids": [],
                "destination_port_range": "80",
                "destination_port_ranges": [],
                "direction": "Inbound",
                "name": "AllowHTTP",
                "priority": 1002,
                "protocol": "Tcp",
                "source_address_prefix": "*",
                "source_address_prefixes": [],
                "source_application_security_group_ids": [],
                "source_port_range": "*",
                "source_port_ranges": []
              }
            ],
            "tags": {
              "Environment": "Production",
              "Owner": "DevOps Team",
              "Project": "WebApp"
            },
            "timeouts": null
          },
          "sensitive_attributes": [],
          "private": "eyJlMmJmYjczMC1lY2FhLTExZTYtOGY4OC0zNDM2M2JjN2M0YzAiOnsiY3JlYXRlIjoxODAwMDAwMDAwMDAwLCJkZWxldGUiOjE4MDAwMDAwMDAwMDAsInJlYWQiOjMwMDAwMDAwMDAwMCwidXBkYXRlIjoxODAwMDAwMDAwMDAwfX0=",
          "dependencies": [
            "azurerm_resource_group.rg"
          ]
        }
      ]
    },
    {
      "module": "module.network",
      "mode": "managed",
      "type": "azurerm_subnet",
      "name": "subnet",
      "provider": "provider[\"registry.terraform.io/hashicorp/azurerm\"]",
      "instances": [
        {
          "schema_version": 0,
          "attributes": {
            "address_prefixes": [
              "10.0.1.0/24"
            ],
            "default_outbound_access_enabled": true,
            "delegation": [],
            "enforce_private_link_endpoint_network_policies": false,
            "enforce_private_link_service_network_policies": false,
            "id": "/subscriptions/7d79dbbf-b159-4664-a764-f306963c5ed9/resourceGroups/rg-web-app-prod/providers/Microsoft.Network/virtualNetworks/vnet-web-app/subnets/subnet-web-app",
            "name": "subnet-web-app",
            "private_endpoint_network_policies": "Enabled",
            "private_endpoint_network_policies_enabled": true,
            "private_link_service_network_policies_enabled": true,
            "resource_group_name": "rg-web-app-prod",
            "service_endpoint_policy_ids": null,
            "service_endpoints": [
              "Microsoft.Sql"
            ],
            "timeouts": null,
            "virtual_network_name": "vnet-web-app"
          },
          "sensitive_attributes": [],
          "private": "eyJlMmJmYjczMC1lY2FhLTExZTYtOGY4OC0zNDM2M2JjN2M0YzAiOnsiY3JlYXRlIjoxODAwMDAwMDAwMDAwLCJkZWxldGUiOjE4MDAwMDAwMDAwMDAsInJlYWQiOjMwMDAwMDAwMDAwMCwidXBkYXRlIjoxODAwMDAwMDAwMDAwfX0=",
          "dependencies": [
            "azurerm_resource_group.rg",
            "module.network.azurerm_virtual_network.vnet"
          ]
        }
      ]
    },
    {
      "module": "module.network",
      "mode": "managed",
      "type": "azurerm_subnet_network_security_group_association",
      "name": "subnet_nsg_association",
      "provider": "provider[\"registry.terraform.io/hashicorp/azurerm\"]",
      "instances": [
        {
          "schema_version": 0,
          "attributes": {
            "id": "/subscriptions/7d79dbbf-b159-4664-a764-f306963c5ed9/resourceGroups/rg-web-app-prod/providers/Microsoft.Network/virtualNetworks/vnet-web-app/subnets/subnet-web-app",
            "network_security_group_id": "/subscriptions/7d79dbbf-b159-4664-a764-f306963c5ed9/resourceGroups/rg-web-app-prod/providers/Microsoft.Network/networkSecurityGroups/nsg-web-app",
            "subnet_id": "/subscriptions/7d79dbbf-b159-4664-a764-f306963c5ed9/resourceGroups/rg-web-app-prod/providers/Microsoft.Network/virtualNetworks/vnet-web-app/subnets/subnet-web-app",
            "timeouts": null
          },
          "sensitive_attributes": [],
          "private": "eyJlMmJmYjczMC1lY2FhLTExZTYtOGY4OC0zNDM2M2JjN2M0YzAiOnsiY3JlYXRlIjoxODAwMDAwMDAwMDAwLCJkZWxldGUiOjE4MDAwMDAwMDAwMDAsInJlYWQiOjMwMDAwMDAwMDAwMH19",
          "dependencies": [
            "azurerm_resource_group.rg",
            "module.network.azurerm_network_security_group.nsg",
            "module.network.azurerm_subnet.subnet",
            "module.network.azurerm_virtual_network.vnet"
          ]
        }
      ]
    },
    {
      "module": "module.network",
      "mode": "managed",
      "type": "azurerm_virtual_network",
      "name": "vnet",
      "provider": "provider[\"registry.terraform.io/hashicorp/azurerm\"]",
      "instances": [
        {
          "schema_version": 0,
          "attributes": {
            "address_space": [
              "10.0.0.0/16"
            ],
            "bgp_community": "",
            "ddos_protection_plan": [],
            "dns_servers": [],
            "edge_zone": "",
            "encryption": [],
            "flow_timeout_in_minutes": 0,
            "guid": "7df86ea8-19bd-4b28-b33b-49d71a4d921b",
            "id": "/subscriptions/7d79dbbf-b159-4664-a764-f306963c5ed9/resourceGroups/rg-web-app-prod/providers/Microsoft.Network/virtualNetworks/vnet-web-app",
            "location": "francecentral",
            "name": "vnet-web-app",
            "resource_group_name": "rg-web-app-prod",
            "subnet": [],
            "tags": {
              "Environment": "Production",
              "Owner": "DevOps Team",
              "Project": "WebApp"
            },
            "timeouts": null
          },
          "sensitive_attributes": [],
          "private": "eyJlMmJmYjczMC1lY2FhLTExZTYtOGY4OC0zNDM2M2JjN2M0YzAiOnsiY3JlYXRlIjoxODAwMDAwMDAwMDAwLCJkZWxldGUiOjE4MDAwMDAwMDAwMDAsInJlYWQiOjMwMDAwMDAwMDAwMCwidXBkYXRlIjoxODAwMDAwMDAwMDAwfX0=",
          "dependencies": [
            "azurerm_resource_group.rg"
          ]
        }
      ]
    },
    {
      "module": "module.vmss",
      "mode": "managed",
      "type": "azurerm_monitor_autoscale_setting",
      "name": "autoscale",
      "provider": "provider[\"registry.terraform.io/hashicorp/azurerm\"]",
      "instances": [
        {
          "schema_version": 2,
          "attributes": {
            "enabled": true,
            "id": "/subscriptions/7d79dbbf-b159-4664-a764-f306963c5ed9/resourceGroups/rg-web-app-prod/providers/Microsoft.Insights/autoScaleSettings/vmss-web-app-autoscale",
            "location": "francecentral",
            "name": "vmss-web-app-autoscale",
            "notification": [],
            "predictive": [],
            "profile": [
              {
                "capacity": [
                  {
                    "default": 2,
                    "maximum": 5,
                    "minimum": 1
                  }
                ],
                "fixed_date": [],
                "name": "NetworkBasedAutoScale",
                "recurrence": [],
                "rule": [
                  {
                    "metric_trigger": [
                      {
                        "dimensions": [],
                        "divide_by_instance_count": false,
                        "metric_name": "Network In Total",
                        "metric_namespace": "",
                        "metric_resource_id": "/subscriptions/7d79dbbf-b159-4664-a764-f306963c5ed9/resourceGroups/rg-web-app-prod/providers/Microsoft.Compute/virtualMachineScaleSets/vmss-web-app",
                        "operator": "GreaterThan",
                        "statistic": "Sum",
                        "threshold": 100000,
                        "time_aggregation": "Total",
                        "time_grain": "PT1M",
                        "time_window": "PT5M"
                      }
                    ],
                    "scale_action": [
                      {
                        "cooldown": "PT5M",
                        "direction": "Increase",
                        "type": "ChangeCount",
                        "value": 1
                      }
                    ]
                  },
                  {
                    "metric_trigger": [
                      {
                        "dimensions": [],
                        "divide_by_instance_count": false,
                        "metric_name": "Network In Total",
                        "metric_namespace": "",
                        "metric_resource_id": "/subscriptions/7d79dbbf-b159-4664-a764-f306963c5ed9/resourceGroups/rg-web-app-prod/providers/Microsoft.Compute/virtualMachineScaleSets/vmss-web-app",
                        "operator": "LessThan",
                        "statistic": "Sum",
                        "threshold": 50000,
                        "time_aggregation": "Total",
                        "time_grain": "PT1M",
                        "time_window": "PT5M"
                      }
                    ],
                    "scale_action": [
                      {
                        "cooldown": "PT5M",
                        "direction": "Decrease",
                        "type": "ChangeCount",
                        "value": 1
                      }
                    ]
                  }
                ]
              }
            ],
            "resource_group_name": "rg-web-app-prod",
            "tags": {
              "Environment": "Production",
              "Owner": "DevOps Team",
              "Project": "WebApp"
            },
            "target_resource_id": "/subscriptions/7d79dbbf-b159-4664-a764-f306963c5ed9/resourceGroups/rg-web-app-prod/providers/Microsoft.Compute/virtualMachineScaleSets/vmss-web-app",
            "timeouts": null
          },
          "sensitive_attributes": [],
          "private": "eyJlMmJmYjczMC1lY2FhLTExZTYtOGY4OC0zNDM2M2JjN2M0YzAiOnsiY3JlYXRlIjoxODAwMDAwMDAwMDAwLCJkZWxldGUiOjE4MDAwMDAwMDAwMDAsInJlYWQiOjMwMDAwMDAwMDAwMCwidXBkYXRlIjoxODAwMDAwMDAwMDAwfSwic2NoZW1hX3ZlcnNpb24iOiIyIn0=",
          "dependencies": [
            "azurerm_resource_group.rg",
            "module.loadbalancer.azurerm_lb.lb",
            "module.loadbalancer.azurerm_lb_backend_address_pool.backend_pool",
            "module.loadbalancer.azurerm_public_ip.pip",
            "module.network.azurerm_subnet.subnet",
            "module.network.azurerm_virtual_network.vnet",
            "module.vmss.azurerm_virtual_machine_scale_set.vmss"
          ]
        }
      ]
    },
    {
      "module": "module.vmss",
      "mode": "managed",
      "type": "azurerm_virtual_machine_scale_set",
      "name": "vmss",
      "provider": "provider[\"registry.terraform.io/hashicorp/azurerm\"]",
      "instances": [
        {
          "schema_version": 1,
          "attributes": {
            "automatic_os_upgrade": false,
            "boot_diagnostics": [],
            "eviction_policy": "",
            "extension": [],
            "health_probe_id": null,
            "id": "/subscriptions/7d79dbbf-b159-4664-a764-f306963c5ed9/resourceGroups/rg-web-app-prod/providers/Microsoft.Compute/virtualMachineScaleSets/vmss-web-app",
            "identity": [],
            "license_type": "",
            "location": "francecentral",
            "name": "vmss-web-app",
            "network_profile": [
              {
                "accelerated_networking": false,
                "dns_settings": [
                  {
                    "dns_servers": []
                  }
                ],
                "ip_configuration": [
                  {
                    "application_gateway_backend_address_pool_ids": [],
                    "application_security_group_ids": [],
                    "load_balancer_backend_address_pool_ids": [
                      "/subscriptions/7d79dbbf-b159-4664-a764-f306963c5ed9/resourceGroups/rg-web-app-prod/providers/Microsoft.Network/loadBalancers/lb-web-app/backendAddressPools/backend-pool-web-app"
                    ],
                    "load_balancer_inbound_nat_rules_ids": [],
                    "name": "ipconfig",
                    "primary": true,
                    "public_ip_address_configuration": [],
                    "subnet_id": "/subscriptions/7d79dbbf-b159-4664-a764-f306963c5ed9/resourceGroups/rg-web-app-prod/providers/Microsoft.Network/virtualNetworks/vnet-web-app/subnets/subnet-web-app"
                  }
                ],
                "ip_forwarding": false,
                "name": "networkprofile",
                "network_security_group_id": "",
                "primary": true
              }
            ],
            "os_profile": [
              {
                "admin_password": "VotreMotDePasseComplexe123!",
                "admin_username": "azureuser",
                "computer_name_prefix": "vmss",
                "custom_data": "I2Nsb3VkLWNvbmZpZw0KcGFja2FnZV91cGRhdGU6IHRydWUNCnBhY2thZ2VzOg0KICAtIGFwYWNoZTINCiAgLSBwaHANCiAgLSBwaHAtbXlzcWwgDQogIC0gZ2l0DQpydW5jbWQ6DQogIC0gc3lzdGVtY3RsIGVuYWJsZSBhcGFjaGUyDQogIC0gc3lzdGVtY3RsIHN0YXJ0IGFwYWNoZTINCiAgLSBybSAtcmYgL3Zhci93d3cvaHRtbC8qDQogIC0gZ2l0IGNsb25lIGh0dHBzOi8vZ2l0aHViLmNvbS9NcnNoYXdvZmYvRm9ybWF0aW9uLVdFQi5naXQgL3Zhci93d3cvaHRtbA0KICAtIGNob3duIC1SIHd3dy1kYXRhOnd3dy1kYXRhIC92YXIvd3d3L2h0bWwNCg=="
              }
            ],
            "os_profile_linux_config": [
              {
                "disable_password_authentication": false,
                "ssh_keys": []
              }
            ],
            "os_profile_secrets": [],
            "os_profile_windows_config": [],
            "overprovision": true,
            "plan": [],
            "priority": "",
            "proximity_placement_group_id": null,
            "resource_group_name": "rg-web-app-prod",
            "rolling_upgrade_policy": [],
            "single_placement_group": true,
            "sku": [
              {
                "capacity": 2,
                "name": "Standard_B1s",
                "tier": "Standard"
              }
            ],
            "storage_profile_data_disk": [],
            "storage_profile_image_reference": [
              {
                "id": "",
                "offer": "0001-com-ubuntu-server-jammy",
                "publisher": "Canonical",
                "sku": "22_04-lts",
                "version": "latest"
              }
            ],
            "storage_profile_os_disk": [
              {
                "caching": "ReadWrite",
                "create_option": "FromImage",
                "image": "",
                "managed_disk_type": "Standard_LRS",
                "name": "",
                "os_type": "",
                "vhd_containers": []
              }
            ],
            "tags": {
              "Environment": "Production",
              "Owner": "DevOps Team",
              "Project": "WebApp"
            },
            "timeouts": null,
            "upgrade_policy_mode": "Automatic",
            "zones": null
          },
          "sensitive_attributes": [
            [
              {
                "type": "get_attr",
                "value": "os_profile"
              },
              {
                "type": "index",
                "value": {
                  "value": 0,
                  "type": "number"
                }
              },
              {
                "type": "get_attr",
                "value": "admin_password"
              }
            ]
          ],
          "private": "eyJlMmJmYjczMC1lY2FhLTExZTYtOGY4OC0zNDM2M2JjN2M0YzAiOnsiY3JlYXRlIjozNjAwMDAwMDAwMDAwLCJkZWxldGUiOjM2MDAwMDAwMDAwMDAsInJlYWQiOjMwMDAwMDAwMDAwMCwidXBkYXRlIjozNjAwMDAwMDAwMDAwfSwic2NoZW1hX3ZlcnNpb24iOiIxIn0=",
          "dependencies": [
            "azurerm_resource_group.rg",
            "module.loadbalancer.azurerm_lb.lb",
            "module.loadbalancer.azurerm_lb_backend_address_pool.backend_pool",
            "module.loadbalancer.azurerm_public_ip.pip",
            "module.network.azurerm_subnet.subnet",
            "module.network.azurerm_virtual_network.vnet"
          ]
        }
      ]
    }
  ],
  "check_results": null
}
